// !$*UTF8*$!
{
	archiveVersion = 1;
	classes = {
	};
	objectVersion = 46;
	objects = {

/* Begin PBXBuildFile section */
		4CC9A3381B8EE8D100E84F60 /* main.m in Sources */ = {isa = PBXBuildFile; fileRef = 4CC9A3371B8EE8D100E84F60 /* main.m */; };
		4CC9A33B1B8EE8D100E84F60 /* AppDelegate.m in Sources */ = {isa = PBXBuildFile; fileRef = 4CC9A33A1B8EE8D100E84F60 /* AppDelegate.m */; };
		4CC9A33E1B8EE8D100E84F60 /* ViewController.m in Sources */ = {isa = PBXBuildFile; fileRef = 4CC9A33D1B8EE8D100E84F60 /* ViewController.m */; };
		4CC9A3411B8EE8D100E84F60 /* Main.storyboard in Resources */ = {isa = PBXBuildFile; fileRef = 4CC9A33F1B8EE8D100E84F60 /* Main.storyboard */; };
		4CC9A3431B8EE8D100E84F60 /* Images.xcassets in Resources */ = {isa = PBXBuildFile; fileRef = 4CC9A3421B8EE8D100E84F60 /* Images.xcassets */; };
		4CC9A3461B8EE8D100E84F60 /* LaunchScreen.xib in Resources */ = {isa = PBXBuildFile; fileRef = 4CC9A3441B8EE8D100E84F60 /* LaunchScreen.xib */; };
		4CC9A3521B8EE8D100E84F60 /* SnakeTests.m in Sources */ = {isa = PBXBuildFile; fileRef = 4CC9A3511B8EE8D100E84F60 /* SnakeTests.m */; };
/* End PBXBuildFile section */

/* Begin PBXContainerItemProxy section */
		4CC9A34C1B8EE8D100E84F60 /* PBXContainerItemProxy */ = {
			isa = PBXContainerItemProxy;
			containerPortal = 4CC9A32A1B8EE8D100E84F60 /* Project object */;
			proxyType = 1;
			remoteGlobalIDString = 4CC9A3311B8EE8D100E84F60;
			remoteInfo = Snake;
		};
/* End PBXContainerItemProxy section */

/* Begin PBXFileReference section */
		4CC9A3321B8EE8D100E84F60 /* Snake.app */ = {isa = PBXFileReference; explicitFileType = wrapper.application; includeInIndex = 0; path = Snake.app; sourceTree = BUILT_PRODUCTS_DIR; };
		4CC9A3361B8EE8D100E84F60 /* Info.plist */ = {isa = PBXFileReference; lastKnownFileType = text.plist.xml; path = Info.plist; sourceTree = "<group>"; };
		4CC9A3371B8EE8D100E84F60 /* main.m */ = {isa = PBXFileReference; lastKnownFileType = sourcecode.c.objc; path = main.m; sourceTree = "<group>"; };
		4CC9A3391B8EE8D100E84F60 /* AppDelegate.h */ = {isa = PBXFileReference; lastKnownFileType = sourcecode.c.h; path = AppDelegate.h; sourceTree = "<group>"; };
		4CC9A33A1B8EE8D100E84F60 /* AppDelegate.m */ = {isa = PBXFileReference; lastKnownFileType = sourcecode.c.objc; path = AppDelegate.m; sourceTree = "<group>"; };
		4CC9A33C1B8EE8D100E84F60 /* ViewController.h */ = {isa = PBXFileReference; lastKnownFileType = sourcecode.c.h; path = ViewController.h; sourceTree = "<group>"; };
		4CC9A33D1B8EE8D100E84F60 /* ViewController.m */ = {isa = PBXFileReference; lastKnownFileType = sourcecode.c.objc; path = ViewController.m; sourceTree = "<group>"; };
		4CC9A3401B8EE8D100E84F60 /* Base */ = {isa = PBXFileReference; lastKnownFileType = file.storyboard; name = Base; path = Base.lproj/Main.storyboard; sourceTree = "<group>"; };
		4CC9A3421B8EE8D100E84F60 /* Images.xcassets */ = {isa = PBXFileReference; lastKnownFileType = folder.assetcatalog; path = Images.xcassets; sourceTree = "<group>"; };
		4CC9A3451B8EE8D100E84F60 /* Base */ = {isa = PBXFileReference; lastKnownFileType = file.xib; name = Base; path = Base.lproj/LaunchScreen.xib; sourceTree = "<group>"; };
		4CC9A34B1B8EE8D100E84F60 /* SnakeTests.xctest */ = {isa = PBXFileReference; explicitFileType = wrapper.cfbundle; includeInIndex = 0; path = SnakeTests.xctest; sourceTree = BUILT_PRODUCTS_DIR; };
		4CC9A3501B8EE8D100E84F60 /* Info.plist */ = {isa = PBXFileReference; lastKnownFileType = text.plist.xml; path = Info.plist; sourceTree = "<group>"; };
		4CC9A3511B8EE8D100E84F60 /* SnakeTests.m */ = {isa = PBXFileReference; lastKnownFileType = sourcecode.c.objc; path = SnakeTests.m; sourceTree = "<group>"; };
/* End PBXFileReference section */

/* Begin PBXFrameworksBuildPhase section */
		4CC9A32F1B8EE8D100E84F60 /* Frameworks */ = {
			isa = PBXFrameworksBuildPhase;
			buildActionMask = 2147483647;
			files = (
			);
			runOnlyForDeploymentPostprocessing = 0;
		};
		4CC9A3481B8EE8D100E84F60 /* Frameworks */ = {
			isa = PBXFrameworksBuildPhase;
			buildActionMask = 2147483647;
			files = (
			);
			runOnlyForDeploymentPostprocessing = 0;
		};
/* End PBXFrameworksBuildPhase section */

/* Begin PBXGroup section */
		4CC9A3291B8EE8D100E84F60 = {
			isa = PBXGroup;
			children = (
				4CC9A3341B8EE8D100E84F60 /* Snake */,
				4CC9A34E1B8EE8D100E84F60 /* SnakeTests */,
				4CC9A3331B8EE8D100E84F60 /* Products */,
			);
			sourceTree = "<group>";
		};
		4CC9A3331B8EE8D100E84F60 /* Products */ = {
			isa = PBXGroup;
			children = (
				4CC9A3321B8EE8D100E84F60 /* Snake.app */,
				4CC9A34B1B8EE8D100E84F60 /* SnakeTests.xctest */,
			);
			name = Products;
			sourceTree = "<group>";
		};
		4CC9A3341B8EE8D100E84F60 /* Snake */ = {
			isa = PBXGroup;
			children = (
				4CC9A3391B8EE8D100E84F60 /* AppDelegate.h */,
				4CC9A33A1B8EE8D100E84F60 /* AppDelegate.m */,
				4CC9A33C1B8EE8D100E84F60 /* ViewController.h */,
				4CC9A33D1B8EE8D100E84F60 /* ViewController.m */,
				4CC9A33F1B8EE8D100E84F60 /* Main.storyboard */,
				4CC9A3421B8EE8D100E84F60 /* Images.xcassets */,
				4CC9A3441B8EE8D100E84F60 /* LaunchScreen.xib */,
				4CC9A3351B8EE8D100E84F60 /* Supporting Files */,
			);
			path = Snake;
			sourceTree = "<group>";
		};
		4CC9A3351B8EE8D100E84F60 /* Supporting Files */ = {
			isa = PBXGroup;
			children = (
				4CC9A3361B8EE8D100E84F60 /* Info.plist */,
				4CC9A3371B8EE8D100E84F60 /* main.m */,
			);
			name = "Supporting Files";
			sourceTree = "<group>";
		};
		4CC9A34E1B8EE8D100E84F60 /* SnakeTests */ = {
			isa = PBXGroup;
			children = (
				4CC9A3511B8EE8D100E84F60 /* SnakeTests.m */,
				4CC9A34F1B8EE8D100E84F60 /* Supporting Files */,
			);
			path = SnakeTests;
			sourceTree = "<group>";
		};
		4CC9A34F1B8EE8D100E84F60 /* Supporting Files */ = {
			isa = PBXGroup;
			children = (
				4CC9A3501B8EE8D100E84F60 /* Info.plist */,
			);
			name = "Supporting Files";
			sourceTree = "<group>";
		};
/* End PBXGroup section */

/* Begin PBXNativeTarget section */
		4CC9A3311B8EE8D100E84F60 /* Snake */ = {
			isa = PBXNativeTarget;
			buildConfigurationList = 4CC9A3551B8EE8D100E84F60 /* Build configuration list for PBXNativeTarget "Snake" */;
			buildPhases = (
				4CC9A32E1B8EE8D100E84F60 /* Sources */,
				4CC9A32F1B8EE8D100E84F60 /* Frameworks */,
				4CC9A3301B8EE8D100E84F60 /* Resources */,
			);
			buildRules = (
			);
			dependencies = (
			);
			name = Snake;
			productName = Snake;
			productReference = 4CC9A3321B8EE8D100E84F60 /* Snake.app */;
			productType = "com.apple.product-type.application";
		};
		4CC9A34A1B8EE8D100E84F60 /* SnakeTests */ = {
			isa = PBXNativeTarget;
			buildConfigurationList = 4CC9A3581B8EE8D100E84F60 /* Build configuration list for PBXNativeTarget "SnakeTests" */;
			buildPhases = (
				4CC9A3471B8EE8D100E84F60 /* Sources */,
				4CC9A3481B8EE8D100E84F60 /* Frameworks */,
				4CC9A3491B8EE8D100E84F60 /* Resources */,
			);
			buildRules = (
			);
			dependencies = (
				4CC9A34D1B8EE8D100E84F60 /* PBXTargetDependency */,
			);
			name = SnakeTests;
			productName = SnakeTests;
			productReference = 4CC9A34B1B8EE8D100E84F60 /* SnakeTests.xctest */;
			productType = "com.apple.product-type.bundle.unit-test";
		};
/* End PBXNativeTarget section */

/* Begin PBXProject section */
		4CC9A32A1B8EE8D100E84F60 /* Project object */ = {
			isa = PBXProject;
			attributes = {
				LastUpgradeCheck = 0640;
				ORGANIZATIONNAME = "Shawn Hung";
				TargetAttributes = {
					4CC9A3311B8EE8D100E84F60 = {
						CreatedOnToolsVersion = 6.4;
					};
					4CC9A34A1B8EE8D100E84F60 = {
						CreatedOnToolsVersion = 6.4;
						TestTargetID = 4CC9A3311B8EE8D100E84F60;
					};
				};
			};
			buildConfigurationList = 4CC9A32D1B8EE8D100E84F60 /* Build configuration list for PBXProject "Snake" */;
			compatibilityVersion = "Xcode 3.2";
			developmentRegion = English;
			hasScannedForEncodings = 0;
			knownRegions = (
				en,
				Base,
			);
			mainGroup = 4CC9A3291B8EE8D100E84F60;
			productRefGroup = 4CC9A3331B8EE8D100E84F60 /* Products */;
			projectDirPath = "";
			projectRoot = "";
			targets = (
				4CC9A3311B8EE8D100E84F60 /* Snake */,
				4CC9A34A1B8EE8D100E84F60 /* SnakeTests */,
			);
		};
/* End PBXProject section */

/* Begin PBXResourcesBuildPhase section */
		4CC9A3301B8EE8D100E84F60 /* Resources */ = {
			isa = PBXResourcesBuildPhase;
			buildActionMask = 2147483647;
			files = (
				4CC9A3411B8EE8D100E84F60 /* Main.storyboard in Resources */,
				4CC9A3461B8EE8D100E84F60 /* LaunchScreen.xib in Resources */,
				4CC9A3431B8EE8D100E84F60 /* Images.xcassets in Resources */,
			);
			runOnlyForDeploymentPostprocessing = 0;
		};
		4CC9A3491B8EE8D100E84F60 /* Resources */ = {
			isa = PBXResourcesBuildPhase;
			buildActionMask = 2147483647;
			files = (
			);
			runOnlyForDeploymentPostprocessing = 0;
		};
/* End PBXResourcesBuildPhase section */

/* Begin PBXSourcesBuildPhase section */
		4CC9A32E1B8EE8D100E84F60 /* Sources */ = {
			isa = PBXSourcesBuildPhase;
			buildActionMask = 2147483647;
			files = (
				4CC9A33E1B8EE8D100E84F60 /* ViewController.m in Sources */,
				4CC9A33B1B8EE8D100E84F60 /* AppDelegate.m in Sources */,
				4CC9A3381B8EE8D100E84F60 /* main.m in Sources */,
			);
			runOnlyForDeploymentPostprocessing = 0;
		};
		4CC9A3471B8EE8D100E84F60 /* Sources */ = {
			isa = PBXSourcesBuildPhase;
			buildActionMask = 2147483647;
			files = (
				4CC9A3521B8EE8D100E84F60 /* SnakeTests.m in Sources */,
			);
			runOnlyForDeploymentPostprocessing = 0;
		};
/* End PBXSourcesBuildPhase section */

/* Begin PBXTargetDependency section */
		4CC9A34D1B8EE8D100E84F60 /* PBXTargetDependency */ = {
			isa = PBXTargetDependency;
			target = 4CC9A3311B8EE8D100E84F60 /* Snake */;
			targetProxy = 4CC9A34C1B8EE8D100E84F60 /* PBXContainerItemProxy */;
		};
/* End PBXTargetDependency section */

/* Begin PBXVariantGroup section */
		4CC9A33F1B8EE8D100E84F60 /* Main.storyboard */ = {
			isa = PBXVariantGroup;
			children = (
				4CC9A3401B8EE8D100E84F60 /* Base */,
			);
			name = Main.storyboard;
			sourceTree = "<group>";
		};
		4CC9A3441B8EE8D100E84F60 /* LaunchScreen.xib */ = {
			isa = PBXVariantGroup;
			children = (
				4CC9A3451B8EE8D100E84F60 /* Base */,
			);
			name = LaunchScreen.xib;
			sourceTree = "<group>";
		};
/* End PBXVariantGroup section */

/* Begin XCBuildConfiguration section */
		4CC9A3531B8EE8D100E84F60 /* Debug */ = {
			isa = XCBuildConfiguration;
			buildSettings = {
				ALWAYS_SEARCH_USER_PATHS = NO;
				CLANG_CXX_LANGUAGE_STANDARD = "gnu++0x";
				CLANG_CXX_LIBRARY = "libc++";
				CLANG_ENABLE_MODULES = YES;
				CLANG_ENABLE_OBJC_ARC = YES;
				CLANG_WARN_BOOL_CONVERSION = YES;
				CLANG_WARN_CONSTANT_CONVERSION = YES;
				CLANG_WARN_DIRECT_OBJC_ISA_USAGE = YES_ERROR;
				CLANG_WARN_EMPTY_BODY = YES;
				CLANG_WARN_ENUM_CONVERSION = YES;
				CLANG_WARN_INT_CONVERSION = YES;
				CLANG_WARN_OBJC_ROOT_CLASS = YES_ERROR;
				CLANG_WARN_UNREACHABLE_CODE = YES;
				CLANG_WARN__DUPLICATE_METHOD_MATCH = YES;
				"CODE_SIGN_IDENTITY[sdk=iphoneos*]" = "iPhone Developer";
				COPY_PHASE_STRIP = NO;
				DEBUG_INFORMATION_FORMAT = "dwarf-with-dsym";
				ENABLE_STRICT_OBJC_MSGSEND = YES;
				GCC_C_LANGUAGE_STANDARD = gnu99;
				GCC_DYNAMIC_NO_PIC = NO;
				GCC_NO_COMMON_BLOCKS = YES;
				GCC_OPTIMIZATION_LEVEL = 0;
				GCC_PREPROCESSOR_DEFINITIONS = (
					"DEBUG=1",
					"$(inherited)",
				);
				GCC_SYMBOLS_PRIVATE_EXTERN = NO;
				GCC_WARN_64_TO_32_BIT_CONVERSION = YES;
				GCC_WARN_ABOUT_RETURN_TYPE = YES_ERROR;
				GCC_WARN_UNDECLARED_SELECTOR = YES;
				GCC_WARN_UNINITIALIZED_AUTOS = YES_AGGRESSIVE;
				GCC_WARN_UNUSED_FUNCTION = YES;
				GCC_WARN_UNUSED_VARIABLE = YES;
				IPHONEOS_DEPLOYMENT_TARGET = 8.4;
				MTL_ENABLE_DEBUG_INFO = YES;
				ONLY_ACTIVE_ARCH = YES;
				SDKROOT = iphoneos;
			};
			name = Debug;
		};
		4CC9A3541B8EE8D100E84F60 /* Release */ = {
			isa = XCBuildConfiguration;
			buildSettings = {
				ALWAYS_SEARCH_USER_PATHS = NO;
				CLANG_CXX_LANGUAGE_STANDARD = "gnu++0x";
				CLANG_CXX_LIBRARY = "libc++";
				CLANG_ENABLE_MODULES = YES;
				CLANG_ENABLE_OBJC_ARC = YES;
				CLANG_WARN_BOOL_CONVERSION = YES;
				CLANG_WARN_CONSTANT_CONVERSION = YES;
				CLANG_WARN_DIRECT_OBJC_ISA_USAGE = YES_ERROR;
				CLANG_WARN_EMPTY_BODY = YES;
				CLANG_WARN_ENUM_CONVERSION = YES;
				CLANG_WARN_INT_CONVERSION = YES;
				CLANG_WARN_OBJC_ROOT_CLASS = YES_ERROR;
				CLANG_WARN_UNREACHABLE_CODE = YES;
				CLANG_WARN__DUPLICATE_METHOD_MATCH = YES;
				"CODE_SIGN_IDENTITY[sdk=iphoneos*]" = "iPhone Developer";
				COPY_PHASE_STRIP = NO;
				DEBUG_INFORMATION_FORMAT = "dwarf-with-dsym";
				ENABLE_NS_ASSERTIONS = NO;
				ENABLE_STRICT_OBJC_MSGSEND = YES;
				GCC_C_LANGUAGE_STANDARD = gnu99;
				GCC_NO_COMMON_BLOCKS = YES;
				GCC_WARN_64_TO_32_BIT_CONVERSION = YES;
				GCC_WARN_ABOUT_RETURN_TYPE = YES_ERROR;
				GCC_WARN_UNDECLARED_SELECTOR = YES;
				GCC_WARN_UNINITIALIZED_AUTOS = YES_AGGRESSIVE;
				GCC_WARN_UNUSED_FUNCTION = YES;
				GCC_WARN_UNUSED_VARIABLE = YES;
				IPHONEOS_DEPLOYMENT_TARGET = 8.4;
				MTL_ENABLE_DEBUG_INFO = NO;
				SDKROOT = iphoneos;
				VALIDATE_PRODUCT = YES;
			};
			name = Release;
		};
		4CC9A3561B8EE8D100E84F60 /* Debug */ = {
			isa = XCBuildConfiguration;
			buildSettings = {
				ASSETCATALOG_COMPILER_APPICON_NAME = AppIcon;
				INFOPLIST_FILE = Snake/Info.plist;
				LD_RUNPATH_SEARCH_PATHS = "$(inherited) @executable_path/Frameworks";
				PRODUCT_NAME = "$(TARGET_NAME)";
			};
			name = Debug;
		};
		4CC9A3571B8EE8D100E84F60 /* Release */ = {
			isa = XCBuildConfiguration;
			buildSettings = {
				ASSETCATALOG_COMPILER_APPICON_NAME = AppIcon;
				INFOPLIST_FILE = Snake/Info.plist;
				LD_RUNPATH_SEARCH_PATHS = "$(inherited) @executable_path/Frameworks";
				PRODUCT_NAME = "$(TARGET_NAME)";
			};
			name = Release;
		};
		4CC9A3591B8EE8D100E84F60 /* Debug */ = {
			isa = XCBuildConfiguration;
			buildSettings = {
				BUNDLE_LOADER = "$(TEST_HOST)";
				FRAMEWORK_SEARCH_PATHS = (
					"$(SDKROOT)/Developer/Library/Frameworks",
					"$(inherited)",
				);
				GCC_PREPROCESSOR_DEFINITIONS = (
					"DEBUG=1",
					"$(inherited)",
				);
				INFOPLIST_FILE = SnakeTests/Info.plist;
				LD_RUNPATH_SEARCH_PATHS = "$(inherited) @executable_path/Frameworks @loader_path/Frameworks";
				PRODUCT_NAME = "$(TARGET_NAME)";
				TEST_HOST = "$(BUILT_PRODUCTS_DIR)/Snake.app/Snake";
			};
			name = Debug;
		};
		4CC9A35A1B8EE8D100E84F60 /* Release */ = {
			isa = XCBuildConfiguration;
			buildSettings = {
				BUNDLE_LOADER = "$(TEST_HOST)";
				FRAMEWORK_SEARCH_PATHS = (
					"$(SDKROOT)/Developer/Library/Frameworks",
					"$(inherited)",
				);
				INFOPLIST_FILE = SnakeTests/Info.plist;
				LD_RUNPATH_SEARCH_PATHS = "$(inherited) @executable_path/Frameworks @loader_path/Frameworks";
				PRODUCT_NAME = "$(TARGET_NAME)";
				TEST_HOST = "$(BUILT_PRODUCTS_DIR)/Snake.app/Snake";
			};
			name = Release;
		};
/* End XCBuildConfiguration section */

/* Begin XCConfigurationList section */
		4CC9A32D1B8EE8D100E84F60 /* Build configuration list for PBXProject "Snake" */ = {
			isa = XCConfigurationList;
			buildConfigurations = (
				4CC9A3531B8EE8D100E84F60 /* Debug */,
				4CC9A3541B8EE8D100E84F60 /* Release */,
			);
			defaultConfigurationIsVisible = 0;
			defaultConfigurationName = Release;
		};
		4CC9A3551B8EE8D100E84F60 /* Build configuration list for PBXNativeTarget "Snake" */ = {
			isa = XCConfigurationList;
			buildConfigurations = (
				4CC9A3561B8EE8D100E84F60 /* Debug */,
				4CC9A3571B8EE8D100E84F60 /* Release */,
			);
			defaultConfigurationIsVisible = 0;
		};
		4CC9A3581B8EE8D100E84F60 /* Build configuration list for PBXNativeTarget "SnakeTests" */ = {
			isa = XCConfigurationList;
			buildConfigurations = (
				4CC9A3591B8EE8D100E84F60 /* Debug */,
				4CC9A35A1B8EE8D100E84F60 /* Release */,
			);
			defaultConfigurationIsVisible = 0;
		};
/* End XCConfigurationList section */
	};
	rootObject = 4CC9A32A1B8EE8D100E84F60 /* Project object */;
}
